
Microsoft Visual Studio Solution File, Format Version 12.00
# Visual Studio Version 16
VisualStudioVersion = 16.0.31410.357
MinimumVisualStudioVersion = 10.0.40219.1
Project("{FAE04EC0-301F-11D3-BF4B-00C04F79EFBC}") = "tessting.UWP", "tessting\tessting.UWP\tessting.UWP.csproj", "{63108514-78AE-4A02-9303-64CEC4D8A975}"
EndProject
Project("{FAE04EC0-301F-11D3-BF4B-00C04F79EFBC}") = "tessting.Android", "tessting\tessting.Android\tessting.Android.csproj", "{0DC40E85-5230-468D-9815-E798D8395BA4}"
EndProject
Project("{FAE04EC0-301F-11D3-BF4B-00C04F79EFBC}") = "tessting.iOS", "tessting\tessting.iOS\tessting.iOS.csproj", "{CF82A015-7456-4137-8D75-25D3056DDD91}"
EndProject
Project("{FAE04EC0-301F-11D3-BF4B-00C04F79EFBC}") = "tessting", "tessting\tessting\tessting.csproj", "{C8994C49-F81C-4E19-A8B9-D3A77EA95C4E}"
EndProject
Global
	GlobalSection(SolutionConfigurationPlatforms) = preSolution
		Debug|Any CPU = Debug|Any CPU
		Debug|ARM = Debug|ARM
		Debug|iPhone = Debug|iPhone
		Debug|iPhoneSimulator = Debug|iPhoneSimulator
		Debug|x64 = Debug|x64
		Debug|x86 = Debug|x86
		Release|Any CPU = Release|Any CPU
		Release|ARM = Release|ARM
		Release|iPhone = Release|iPhone
		Release|iPhoneSimulator = Release|iPhoneSimulator
		Release|x64 = Release|x64
		Release|x86 = Release|x86
	EndGlobalSection
	GlobalSection(ProjectConfigurationPlatforms) = postSolution
		{63108514-78AE-4A02-9303-64CEC4D8A975}.Debug|Any CPU.ActiveCfg = Debug|x86
		{63108514-78AE-4A02-9303-64CEC4D8A975}.Debug|Any CPU.Build.0 = Debug|x86
		{63108514-78AE-4A02-9303-64CEC4D8A975}.Debug|Any CPU.Deploy.0 = Debug|x86
		{63108514-78AE-4A02-9303-64CEC4D8A975}.Debug|ARM.ActiveCfg = Debug|ARM
		{63108514-78AE-4A02-9303-64CEC4D8A975}.Debug|ARM.Build.0 = Debug|ARM
		{63108514-78AE-4A02-9303-64CEC4D8A975}.Debug|ARM.Deploy.0 = Debug|ARM
		{63108514-78AE-4A02-9303-64CEC4D8A975}.Debug|iPhone.ActiveCfg = Debug|x86
		{63108514-78AE-4A02-9303-64CEC4D8A975}.Debug|iPhone.Build.0 = Debug|x86
		{63108514-78AE-4A02-9303-64CEC4D8A975}.Debug|iPhone.Deploy.0 = Debug|x86
		{63108514-78AE-4A02-9303-64CEC4D8A975}.Debug|iPhoneSimulator.ActiveCfg = Debug|x86
		{63108514-78AE-4A02-9303-64CEC4D8A975}.Debug|iPhoneSimulator.Build.0 = Debug|x86
		{63108514-78AE-4A02-9303-64CEC4D8A975}.Debug|iPhoneSimulator.Deploy.0 = Debug|x86
		{63108514-78AE-4A02-9303-64CEC4D8A975}.Debug|x64.ActiveCfg = Debug|x64
		{63108514-78AE-4A02-9303-64CEC4D8A975}.Debug|x64.Build.0 = Debug|x64
		{63108514-78AE-4A02-9303-64CEC4D8A975}.Debug|x64.Deploy.0 = Debug|x64
		{63108514-78AE-4A02-9303-64CEC4D8A975}.Debug|x86.ActiveCfg = Debug|x86
		{63108514-78AE-4A02-9303-64CEC4D8A975}.Debug|x86.Build.0 = Debug|x86
		{63108514-78AE-4A02-9303-64CEC4D8A975}.Debug|x86.Deploy.0 = Debug|x86
		{63108514-78AE-4A02-9303-64CEC4D8A975}.Release|Any CPU.ActiveCfg = Release|x86
		{63108514-78AE-4A02-9303-64CEC4D8A975}.Release|Any CPU.Build.0 = Release|x86
		{63108514-78AE-4A02-9303-64CEC4D8A975}.Release|Any CPU.Deploy.0 = Release|x86
		{63108514-78AE-4A02-9303-64CEC4D8A975}.Release|ARM.ActiveCfg = Release|ARM
		{63108514-78AE-4A02-9303-64CEC4D8A975}.Release|ARM.Build.0 = Release|ARM
		{63108514-78AE-4A02-9303-64CEC4D8A975}.Release|ARM.Deploy.0 = Release|ARM
		{63108514-78AE-4A02-9303-64CEC4D8A975}.Release|iPhone.ActiveCfg = Release|x86
		{63108514-78AE-4A02-9303-64CEC4D8A975}.Release|iPhone.Build.0 = Release|x86
		{63108514-78AE-4A02-9303-64CEC4D8A975}.Release|iPhone.Deploy.0 = Release|x86
		{63108514-78AE-4A02-9303-64CEC4D8A975}.Release|iPhoneSimulator.ActiveCfg = Release|x86
		{63108514-78AE-4A02-9303-64CEC4D8A975}.Release|iPhoneSimulator.Build.0 = Release|x86
		{63108514-78AE-4A02-9303-64CEC4D8A975}.Release|iPhoneSimulator.Deploy.0 = Release|x86
		{63108514-78AE-4A02-9303-64CEC4D8A975}.Release|x64.ActiveCfg = Release|x64
		{63108514-78AE-4A02-9303-64CEC4D8A975}.Release|x64.Build.0 = Release|x64
		{63108514-78AE-4A02-9303-64CEC4D8A975}.Release|x64.Deploy.0 = Release|x64
		{63108514-78AE-4A02-9303-64CEC4D8A975}.Release|x86.ActiveCfg = Release|x86
		{63108514-78AE-4A02-9303-64CEC4D8A975}.Release|x86.Build.0 = Release|x86
		{63108514-78AE-4A02-9303-64CEC4D8A975}.Release|x86.Deploy.0 = Release|x86
		{0DC40E85-5230-468D-9815-E798D8395BA4}.Debug|Any CPU.ActiveCfg = Debug|Any CPU
		{0DC40E85-5230-468D-9815-E798D8395BA4}.Debug|Any CPU.Build.0 = Debug|Any CPU
		{0DC40E85-5230-468D-9815-E798D8395BA4}.Debug|Any CPU.Deploy.0 = Debug|Any CPU
		{0DC40E85-5230-468D-9815-E798D8395BA4}.Debug|ARM.ActiveCfg = Debug|Any CPU
		{0DC40E85-5230-468D-9815-E798D8395BA4}.Debug|ARM.Build.0 = Debug|Any CPU
		{0DC40E85-5230-468D-9815-E798D8395BA4}.Debug|ARM.Deploy.0 = Debug|Any CPU
		{0DC40E85-5230-468D-9815-E798D8395BA4}.Debug|iPhone.ActiveCfg = Debug|Any CPU
		{0DC40E85-5230-468D-9815-E798D8395BA4}.Debug|iPhone.Build.0 = Debug|Any CPU
		{0DC40E85-5230-468D-9815-E798D8395BA4}.Debug|iPhone.Deploy.0 = Debug|Any CPU
		{0DC40E85-5230-468D-9815-E798D8395BA4}.Debug|iPhoneSimulator.ActiveCfg = Debug|Any CPU
		{0DC40E85-5230-468D-9815-E798D8395BA4}.Debug|iPhoneSimulator.Build.0 = Debug|Any CPU
		{0DC40E85-5230-468D-9815-E798D8395BA4}.Debug|iPhoneSimulator.Deploy.0 = Debug|Any CPU
		{0DC40E85-5230-468D-9815-E798D8395BA4}.Debug|x64.ActiveCfg = Debug|Any CPU
		{0DC40E85-5230-468D-9815-E798D8395BA4}.Debug|x64.Build.0 = Debug|Any CPU
		{0DC40E85-5230-468D-9815-E798D8395BA4}.Debug|x64.Deploy.0 = Debug|Any CPU
		{0DC40E85-5230-468D-9815-E798D8395BA4}.Debug|x86.ActiveCfg = Debug|Any CPU
		{0DC40E85-5230-468D-9815-E798D8395BA4}.Debug|x86.Build.0 = Debug|Any CPU
		{0DC40E85-5230-468D-9815-E798D8395BA4}.Debug|x86.Deploy.0 = Debug|Any CPU
		{0DC40E85-5230-468D-9815-E798D8395BA4}.Release|Any CPU.ActiveCfg = Release|Any CPU
		{0DC40E85-5230-468D-9815-E798D8395BA4}.Release|Any CPU.Build.0 = Release|Any CPU
		{0DC40E85-5230-468D-9815-E798D8395BA4}.Release|Any CPU.Deploy.0 = Release|Any CPU
		{0DC40E85-5230-468D-9815-E798D8395BA4}.Release|ARM.ActiveCfg = Release|Any CPU
		{0DC40E85-5230-468D-9815-E798D8395BA4}.Release|ARM.Build.0 = Release|Any CPU
		{0DC40E85-5230-468D-9815-E798D8395BA4}.Release|ARM.Deploy.0 = Release|Any CPU
		{0DC40E85-5230-468D-9815-E798D8395BA4}.Release|iPhone.ActiveCfg = Release|Any CPU
		{0DC40E85-5230-468D-9815-E798D8395BA4}.Release|iPhone.Build.0 = Release|Any CPU
		{0DC40E85-5230-468D-9815-E798D8395BA4}.Release|iPhone.Deploy.0 = Release|Any CPU
		{0DC40E85-5230-468D-9815-E798D8395BA4}.Release|iPhoneSimulator.ActiveCfg = Release|Any CPU
		{0DC40E85-5230-468D-9815-E798D8395BA4}.Release|iPhoneSimulator.Build.0 = Release|Any CPU
		{0DC40E85-5230-468D-9815-E798D8395BA4}.Release|iPhoneSimulator.Deploy.0 = Release|Any CPU
		{0DC40E85-5230-468D-9815-E798D8395BA4}.Release|x64.ActiveCfg = Release|Any CPU
		{0DC40E85-5230-468D-9815-E798D8395BA4}.Release|x64.Build.0 = Release|Any CPU
		{0DC40E85-5230-468D-9815-E798D8395BA4}.Release|x64.Deploy.0 = Release|Any CPU
		{0DC40E85-5230-468D-9815-E798D8395BA4}.Release|x86.ActiveCfg = Release|Any CPU
		{0DC40E85-5230-468D-9815-E798D8395BA4}.Release|x86.Build.0 = Release|Any CPU
		{0DC40E85-5230-468D-9815-E798D8395BA4}.Release|x86.Deploy.0 = Release|Any CPU
		{CF82A015-7456-4137-8D75-25D3056DDD91}.Debug|Any CPU.ActiveCfg = Debug|iPhoneSimulator
		{CF82A015-7456-4137-8D75-25D3056DDD91}.Debug|Any CPU.Build.0 = Debug|iPhoneSimulator
		{CF82A015-7456-4137-8D75-25D3056DDD91}.Debug|Any CPU.Deploy.0 = Debug|iPhoneSimulator
		{CF82A015-7456-4137-8D75-25D3056DDD91}.Debug|ARM.ActiveCfg = Debug|iPhone
		{CF82A015-7456-4137-8D75-25D3056DDD91}.Debug|ARM.Build.0 = Debug|iPhone
		{CF82A015-7456-4137-8D75-25D3056DDD91}.Debug|ARM.Deploy.0 = Debug|iPhone
		{CF82A015-7456-4137-8D75-25D3056DDD91}.Debug|iPhone.ActiveCfg = Debug|iPhone
		{CF82A015-7456-4137-8D75-25D3056DDD91}.Debug|iPhone.Build.0 = Debug|iPhone
		{CF82A015-7456-4137-8D75-25D3056DDD91}.Debug|iPhone.Deploy.0 = Debug|iPhone
		{CF82A015-7456-4137-8D75-25D3056DDD91}.Debug|iPhoneSimulator.ActiveCfg = Debug|iPhoneSimulator
		{CF82A015-7456-4137-8D75-25D3056DDD91}.Debug|iPhoneSimulator.Build.0 = Debug|iPhoneSimulator
		{CF82A015-7456-4137-8D75-25D3056DDD91}.Debug|iPhoneSimulator.Deploy.0 = Debug|iPhoneSimulator
		{CF82A015-7456-4137-8D75-25D3056DDD91}.Debug|x64.ActiveCfg = Debug|iPhoneSimulator
		{CF82A015-7456-4137-8D75-25D3056DDD91}.Debug|x64.Build.0 = Debug|iPhoneSimulator
		{CF82A015-7456-4137-8D75-25D3056DDD91}.Debug|x64.Deploy.0 = Debug|iPhoneSimulator
		{CF82A015-7456-4137-8D75-25D3056DDD91}.Debug|x86.ActiveCfg = Debug|iPhoneSimulator
		{CF82A015-7456-4137-8D75-25D3056DDD91}.Debug|x86.Build.0 = Debug|iPhoneSimulator
		{CF82A015-7456-4137-8D75-25D3056DDD91}.Debug|x86.Deploy.0 = Debug|iPhoneSimulator
		{CF82A015-7456-4137-8D75-25D3056DDD91}.Release|Any CPU.ActiveCfg = Release|iPhoneSimulator
		{CF82A015-7456-4137-8D75-25D3056DDD91}.Release|Any CPU.Build.0 = Release|iPhoneSimulator
		{CF82A015-7456-4137-8D75-25D3056DDD91}.Release|Any CPU.Deploy.0 = Release|iPhoneSimulator
		{CF82A015-7456-4137-8D75-25D3056DDD91}.Release|ARM.ActiveCfg = Release|iPhoneSimulator
		{CF82A015-7456-4137-8D75-25D3056DDD91}.Release|ARM.Build.0 = Release|iPhoneSimulator
		{CF82A015-7456-4137-8D75-25D3056DDD91}.Release|ARM.Deploy.0 = Release|iPhoneSimulator
		{CF82A015-7456-4137-8D75-25D3056DDD91}.Release|iPhone.ActiveCfg = Release|iPhone
		{CF82A015-7456-4137-8D75-25D3056DDD91}.Release|iPhone.Build.0 = Release|iPhone
		{CF82A015-7456-4137-8D75-25D3056DDD91}.Release|iPhone.Deploy.0 = Release|iPhone
		{CF82A015-7456-4137-8D75-25D3056DDD91}.Release|iPhoneSimulator.ActiveCfg = Release|iPhoneSimulator
		{CF82A015-7456-4137-8D75-25D3056DDD91}.Release|iPhoneSimulator.Build.0 = Release|iPhoneSimulator
		{CF82A015-7456-4137-8D75-25D3056DDD91}.Release|iPhoneSimulator.Deploy.0 = Release|iPhoneSimulator
		{CF82A015-7456-4137-8D75-25D3056DDD91}.Release|x64.ActiveCfg = Release|iPhoneSimulator
		{CF82A015-7456-4137-8D75-25D3056DDD91}.Release|x64.Build.0 = Release|iPhoneSimulator
		{CF82A015-7456-4137-8D75-25D3056DDD91}.Release|x64.Deploy.0 = Release|iPhoneSimulator
		{CF82A015-7456-4137-8D75-25D3056DDD91}.Release|x86.ActiveCfg = Release|iPhoneSimulator
		{CF82A015-7456-4137-8D75-25D3056DDD91}.Release|x86.Build.0 = Release|iPhoneSimulator
		{CF82A015-7456-4137-8D75-25D3056DDD91}.Release|x86.Deploy.0 = Release|iPhoneSimulator
		{C8994C49-F81C-4E19-A8B9-D3A77EA95C4E}.Debug|Any CPU.ActiveCfg = Debug|Any CPU
		{C8994C49-F81C-4E19-A8B9-D3A77EA95C4E}.Debug|Any CPU.Build.0 = Debug|Any CPU
		{C8994C49-F81C-4E19-A8B9-D3A77EA95C4E}.Debug|Any CPU.Deploy.0 = Debug|Any CPU
		{C8994C49-F81C-4E19-A8B9-D3A77EA95C4E}.Debug|ARM.ActiveCfg = Debug|Any CPU
		{C8994C49-F81C-4E19-A8B9-D3A77EA95C4E}.Debug|ARM.Build.0 = Debug|Any CPU
		{C8994C49-F81C-4E19-A8B9-D3A77EA95C4E}.Debug|ARM.Deploy.0 = Debug|Any CPU
		{C8994C49-F81C-4E19-A8B9-D3A77EA95C4E}.Debug|iPhone.ActiveCfg = Debug|Any CPU
		{C8994C49-F81C-4E19-A8B9-D3A77EA95C4E}.Debug|iPhone.Build.0 = Debug|Any CPU
		{C8994C49-F81C-4E19-A8B9-D3A77EA95C4E}.Debug|iPhone.Deploy.0 = Debug|Any CPU
		{C8994C49-F81C-4E19-A8B9-D3A77EA95C4E}.Debug|iPhoneSimulator.ActiveCfg = Debug|Any CPU
		{C8994C49-F81C-4E19-A8B9-D3A77EA95C4E}.Debug|iPhoneSimulator.Build.0 = Debug|Any CPU
		{C8994C49-F81C-4E19-A8B9-D3A77EA95C4E}.Debug|iPhoneSimulator.Deploy.0 = Debug|Any CPU
		{C8994C49-F81C-4E19-A8B9-D3A77EA95C4E}.Debug|x64.ActiveCfg = Debug|Any CPU
		{C8994C49-F81C-4E19-A8B9-D3A77EA95C4E}.Debug|x64.Build.0 = Debug|Any CPU
		{C8994C49-F81C-4E19-A8B9-D3A77EA95C4E}.Debug|x64.Deploy.0 = Debug|Any CPU
		{C8994C49-F81C-4E19-A8B9-D3A77EA95C4E}.Debug|x86.ActiveCfg = Debug|Any CPU
		{C8994C49-F81C-4E19-A8B9-D3A77EA95C4E}.Debug|x86.Build.0 = Debug|Any CPU
		{C8994C49-F81C-4E19-A8B9-D3A77EA95C4E}.Debug|x86.Deploy.0 = Debug|Any CPU
		{C8994C49-F81C-4E19-A8B9-D3A77EA95C4E}.Release|Any CPU.ActiveCfg = Release|Any CPU
		{C8994C49-F81C-4E19-A8B9-D3A77EA95C4E}.Release|Any CPU.Build.0 = Release|Any CPU
		{C8994C49-F81C-4E19-A8B9-D3A77EA95C4E}.Release|Any CPU.Deploy.0 = Release|Any CPU
		{C8994C49-F81C-4E19-A8B9-D3A77EA95C4E}.Release|ARM.ActiveCfg = Release|Any CPU
		{C8994C49-F81C-4E19-A8B9-D3A77EA95C4E}.Release|ARM.Build.0 = Release|Any CPU
		{C8994C49-F81C-4E19-A8B9-D3A77EA95C4E}.Release|ARM.Deploy.0 = Release|Any CPU
		{C8994C49-F81C-4E19-A8B9-D3A77EA95C4E}.Release|iPhone.ActiveCfg = Release|Any CPU
		{C8994C49-F81C-4E19-A8B9-D3A77EA95C4E}.Release|iPhone.Build.0 = Release|Any CPU
		{C8994C49-F81C-4E19-A8B9-D3A77EA95C4E}.Release|iPhone.Deploy.0 = Release|Any CPU
		{C8994C49-F81C-4E19-A8B9-D3A77EA95C4E}.Release|iPhoneSimulator.ActiveCfg = Release|Any CPU
		{C8994C49-F81C-4E19-A8B9-D3A77EA95C4E}.Release|iPhoneSimulator.Build.0 = Release|Any CPU
		{C8994C49-F81C-4E19-A8B9-D3A77EA95C4E}.Release|iPhoneSimulator.Deploy.0 = Release|Any CPU
		{C8994C49-F81C-4E19-A8B9-D3A77EA95C4E}.Release|x64.ActiveCfg = Release|Any CPU
		{C8994C49-F81C-4E19-A8B9-D3A77EA95C4E}.Release|x64.Build.0 = Release|Any CPU
		{C8994C49-F81C-4E19-A8B9-D3A77EA95C4E}.Release|x64.Deploy.0 = Release|Any CPU
		{C8994C49-F81C-4E19-A8B9-D3A77EA95C4E}.Release|x86.ActiveCfg = Release|Any CPU
		{C8994C49-F81C-4E19-A8B9-D3A77EA95C4E}.Release|x86.Build.0 = Release|Any CPU
		{C8994C49-F81C-4E19-A8B9-D3A77EA95C4E}.Release|x86.Deploy.0 = Release|Any CPU
	EndGlobalSection
	GlobalSection(SolutionProperties) = preSolution
		HideSolutionNode = FALSE
	EndGlobalSection
	GlobalSection(ExtensibilityGlobals) = postSolution
		SolutionGuid = {4ADC75E2-1731-4033-A672-DE6D09D50817}
	EndGlobalSection
EndGlobal
