
Microsoft Visual Studio Solution File, Format Version 12.00
# Visual Studio Version 16
VisualStudioVersion = 16.0.31410.357
MinimumVisualStudioVersion = 10.0.40219.1
Project("{FAE04EC0-301F-11D3-BF4B-00C04F79EFBC}") = "largeApp.UWP", "largeApp\largeApp.UWP\largeApp.UWP.csproj", "{9FEE7FD8-50EA-4E2C-853A-07D9EDC27738}"
EndProject
Project("{FAE04EC0-301F-11D3-BF4B-00C04F79EFBC}") = "largeApp.iOS", "largeApp\largeApp.iOS\largeApp.iOS.csproj", "{2BD92088-E278-4534-BB8D-2CEED3482A92}"
EndProject
Project("{9A19103F-16F7-4668-BE54-9A1E7A4F7556}") = "largeApp", "largeApp\largeApp\largeApp.csproj", "{1F3DB2CF-9F30-4D03-BB0C-77DC7CD01759}"
EndProject
Project("{FAE04EC0-301F-11D3-BF4B-00C04F79EFBC}") = "largeApp.Android", "largeApp\Dir99\Dir9\Dir91\Dir35\Dir18\Dir84\Dir55\Dir14\Dir15\Dir59\Dir92\largeApp.Android\largeApp.Android.csproj", "{C7B53FA5-97AA-4F26-8DB9-D7A36E19B489}"
EndProject
Global
	GlobalSection(SolutionConfigurationPlatforms) = preSolution
		Debug|Any CPU = Debug|Any CPU
		Debug|ARM = Debug|ARM
		Debug|iPhone = Debug|iPhone
		Debug|iPhoneSimulator = Debug|iPhoneSimulator
		Debug|x64 = Debug|x64
		Debug|x86 = Debug|x86
		Release|Any CPU = Release|Any CPU
		Release|ARM = Release|ARM
		Release|iPhone = Release|iPhone
		Release|iPhoneSimulator = Release|iPhoneSimulator
		Release|x64 = Release|x64
		Release|x86 = Release|x86
	EndGlobalSection
	GlobalSection(ProjectConfigurationPlatforms) = postSolution
		{9FEE7FD8-50EA-4E2C-853A-07D9EDC27738}.Debug|Any CPU.ActiveCfg = Debug|x86
		{9FEE7FD8-50EA-4E2C-853A-07D9EDC27738}.Debug|ARM.ActiveCfg = Debug|ARM
		{9FEE7FD8-50EA-4E2C-853A-07D9EDC27738}.Debug|ARM.Build.0 = Debug|ARM
		{9FEE7FD8-50EA-4E2C-853A-07D9EDC27738}.Debug|ARM.Deploy.0 = Debug|ARM
		{9FEE7FD8-50EA-4E2C-853A-07D9EDC27738}.Debug|iPhone.ActiveCfg = Debug|x86
		{9FEE7FD8-50EA-4E2C-853A-07D9EDC27738}.Debug|iPhoneSimulator.ActiveCfg = Debug|x86
		{9FEE7FD8-50EA-4E2C-853A-07D9EDC27738}.Debug|x64.ActiveCfg = Debug|x64
		{9FEE7FD8-50EA-4E2C-853A-07D9EDC27738}.Debug|x64.Build.0 = Debug|x64
		{9FEE7FD8-50EA-4E2C-853A-07D9EDC27738}.Debug|x64.Deploy.0 = Debug|x64
		{9FEE7FD8-50EA-4E2C-853A-07D9EDC27738}.Debug|x86.ActiveCfg = Debug|x86
		{9FEE7FD8-50EA-4E2C-853A-07D9EDC27738}.Debug|x86.Build.0 = Debug|x86
		{9FEE7FD8-50EA-4E2C-853A-07D9EDC27738}.Debug|x86.Deploy.0 = Debug|x86
		{9FEE7FD8-50EA-4E2C-853A-07D9EDC27738}.Release|Any CPU.ActiveCfg = Release|x86
		{9FEE7FD8-50EA-4E2C-853A-07D9EDC27738}.Release|ARM.ActiveCfg = Release|ARM
		{9FEE7FD8-50EA-4E2C-853A-07D9EDC27738}.Release|ARM.Build.0 = Release|ARM
		{9FEE7FD8-50EA-4E2C-853A-07D9EDC27738}.Release|ARM.Deploy.0 = Release|ARM
		{9FEE7FD8-50EA-4E2C-853A-07D9EDC27738}.Release|iPhone.ActiveCfg = Release|x86
		{9FEE7FD8-50EA-4E2C-853A-07D9EDC27738}.Release|iPhoneSimulator.ActiveCfg = Release|x86
		{9FEE7FD8-50EA-4E2C-853A-07D9EDC27738}.Release|x64.ActiveCfg = Release|x64
		{9FEE7FD8-50EA-4E2C-853A-07D9EDC27738}.Release|x64.Build.0 = Release|x64
		{9FEE7FD8-50EA-4E2C-853A-07D9EDC27738}.Release|x64.Deploy.0 = Release|x64
		{9FEE7FD8-50EA-4E2C-853A-07D9EDC27738}.Release|x86.ActiveCfg = Release|x86
		{9FEE7FD8-50EA-4E2C-853A-07D9EDC27738}.Release|x86.Build.0 = Release|x86
		{9FEE7FD8-50EA-4E2C-853A-07D9EDC27738}.Release|x86.Deploy.0 = Release|x86
		{2BD92088-E278-4534-BB8D-2CEED3482A92}.Debug|Any CPU.ActiveCfg = Debug|iPhoneSimulator
		{2BD92088-E278-4534-BB8D-2CEED3482A92}.Debug|ARM.ActiveCfg = Debug|iPhoneSimulator
		{2BD92088-E278-4534-BB8D-2CEED3482A92}.Debug|iPhone.ActiveCfg = Debug|iPhone
		{2BD92088-E278-4534-BB8D-2CEED3482A92}.Debug|iPhone.Build.0 = Debug|iPhone
		{2BD92088-E278-4534-BB8D-2CEED3482A92}.Debug|iPhoneSimulator.ActiveCfg = Debug|iPhoneSimulator
		{2BD92088-E278-4534-BB8D-2CEED3482A92}.Debug|iPhoneSimulator.Build.0 = Debug|iPhoneSimulator
		{2BD92088-E278-4534-BB8D-2CEED3482A92}.Debug|x64.ActiveCfg = Debug|iPhoneSimulator
		{2BD92088-E278-4534-BB8D-2CEED3482A92}.Debug|x86.ActiveCfg = Debug|iPhoneSimulator
		{2BD92088-E278-4534-BB8D-2CEED3482A92}.Release|Any CPU.ActiveCfg = Release|iPhoneSimulator
		{2BD92088-E278-4534-BB8D-2CEED3482A92}.Release|ARM.ActiveCfg = Release|iPhoneSimulator
		{2BD92088-E278-4534-BB8D-2CEED3482A92}.Release|iPhone.ActiveCfg = Release|iPhone
		{2BD92088-E278-4534-BB8D-2CEED3482A92}.Release|iPhone.Build.0 = Release|iPhone
		{2BD92088-E278-4534-BB8D-2CEED3482A92}.Release|iPhoneSimulator.ActiveCfg = Release|iPhoneSimulator
		{2BD92088-E278-4534-BB8D-2CEED3482A92}.Release|iPhoneSimulator.Build.0 = Release|iPhoneSimulator
		{2BD92088-E278-4534-BB8D-2CEED3482A92}.Release|x64.ActiveCfg = Release|iPhoneSimulator
		{2BD92088-E278-4534-BB8D-2CEED3482A92}.Release|x86.ActiveCfg = Release|iPhoneSimulator
		{1F3DB2CF-9F30-4D03-BB0C-77DC7CD01759}.Debug|Any CPU.ActiveCfg = Debug|Any CPU
		{1F3DB2CF-9F30-4D03-BB0C-77DC7CD01759}.Debug|Any CPU.Build.0 = Debug|Any CPU
		{1F3DB2CF-9F30-4D03-BB0C-77DC7CD01759}.Debug|ARM.ActiveCfg = Debug|Any CPU
		{1F3DB2CF-9F30-4D03-BB0C-77DC7CD01759}.Debug|ARM.Build.0 = Debug|Any CPU
		{1F3DB2CF-9F30-4D03-BB0C-77DC7CD01759}.Debug|iPhone.ActiveCfg = Debug|Any CPU
		{1F3DB2CF-9F30-4D03-BB0C-77DC7CD01759}.Debug|iPhone.Build.0 = Debug|Any CPU
		{1F3DB2CF-9F30-4D03-BB0C-77DC7CD01759}.Debug|iPhoneSimulator.ActiveCfg = Debug|Any CPU
		{1F3DB2CF-9F30-4D03-BB0C-77DC7CD01759}.Debug|iPhoneSimulator.Build.0 = Debug|Any CPU
		{1F3DB2CF-9F30-4D03-BB0C-77DC7CD01759}.Debug|x64.ActiveCfg = Debug|Any CPU
		{1F3DB2CF-9F30-4D03-BB0C-77DC7CD01759}.Debug|x64.Build.0 = Debug|Any CPU
		{1F3DB2CF-9F30-4D03-BB0C-77DC7CD01759}.Debug|x86.ActiveCfg = Debug|Any CPU
		{1F3DB2CF-9F30-4D03-BB0C-77DC7CD01759}.Debug|x86.Build.0 = Debug|Any CPU
		{1F3DB2CF-9F30-4D03-BB0C-77DC7CD01759}.Release|Any CPU.ActiveCfg = Release|Any CPU
		{1F3DB2CF-9F30-4D03-BB0C-77DC7CD01759}.Release|Any CPU.Build.0 = Release|Any CPU
		{1F3DB2CF-9F30-4D03-BB0C-77DC7CD01759}.Release|ARM.ActiveCfg = Release|Any CPU
		{1F3DB2CF-9F30-4D03-BB0C-77DC7CD01759}.Release|ARM.Build.0 = Release|Any CPU
		{1F3DB2CF-9F30-4D03-BB0C-77DC7CD01759}.Release|iPhone.ActiveCfg = Release|Any CPU
		{1F3DB2CF-9F30-4D03-BB0C-77DC7CD01759}.Release|iPhone.Build.0 = Release|Any CPU
		{1F3DB2CF-9F30-4D03-BB0C-77DC7CD01759}.Release|iPhoneSimulator.ActiveCfg = Release|Any CPU
		{1F3DB2CF-9F30-4D03-BB0C-77DC7CD01759}.Release|iPhoneSimulator.Build.0 = Release|Any CPU
		{1F3DB2CF-9F30-4D03-BB0C-77DC7CD01759}.Release|x64.ActiveCfg = Release|Any CPU
		{1F3DB2CF-9F30-4D03-BB0C-77DC7CD01759}.Release|x64.Build.0 = Release|Any CPU
		{1F3DB2CF-9F30-4D03-BB0C-77DC7CD01759}.Release|x86.ActiveCfg = Release|Any CPU
		{1F3DB2CF-9F30-4D03-BB0C-77DC7CD01759}.Release|x86.Build.0 = Release|Any CPU
		{C7B53FA5-97AA-4F26-8DB9-D7A36E19B489}.Debug|Any CPU.ActiveCfg = Debug|Any CPU
		{C7B53FA5-97AA-4F26-8DB9-D7A36E19B489}.Debug|Any CPU.Build.0 = Debug|Any CPU
		{C7B53FA5-97AA-4F26-8DB9-D7A36E19B489}.Debug|Any CPU.Deploy.0 = Debug|Any CPU
		{C7B53FA5-97AA-4F26-8DB9-D7A36E19B489}.Debug|ARM.ActiveCfg = Debug|Any CPU
		{C7B53FA5-97AA-4F26-8DB9-D7A36E19B489}.Debug|ARM.Build.0 = Debug|Any CPU
		{C7B53FA5-97AA-4F26-8DB9-D7A36E19B489}.Debug|ARM.Deploy.0 = Debug|Any CPU
		{C7B53FA5-97AA-4F26-8DB9-D7A36E19B489}.Debug|iPhone.ActiveCfg = Debug|Any CPU
		{C7B53FA5-97AA-4F26-8DB9-D7A36E19B489}.Debug|iPhone.Build.0 = Debug|Any CPU
		{C7B53FA5-97AA-4F26-8DB9-D7A36E19B489}.Debug|iPhone.Deploy.0 = Debug|Any CPU
		{C7B53FA5-97AA-4F26-8DB9-D7A36E19B489}.Debug|iPhoneSimulator.ActiveCfg = Debug|Any CPU
		{C7B53FA5-97AA-4F26-8DB9-D7A36E19B489}.Debug|iPhoneSimulator.Build.0 = Debug|Any CPU
		{C7B53FA5-97AA-4F26-8DB9-D7A36E19B489}.Debug|iPhoneSimulator.Deploy.0 = Debug|Any CPU
		{C7B53FA5-97AA-4F26-8DB9-D7A36E19B489}.Debug|x64.ActiveCfg = Debug|Any CPU
		{C7B53FA5-97AA-4F26-8DB9-D7A36E19B489}.Debug|x64.Build.0 = Debug|Any CPU
		{C7B53FA5-97AA-4F26-8DB9-D7A36E19B489}.Debug|x64.Deploy.0 = Debug|Any CPU
		{C7B53FA5-97AA-4F26-8DB9-D7A36E19B489}.Debug|x86.ActiveCfg = Debug|Any CPU
		{C7B53FA5-97AA-4F26-8DB9-D7A36E19B489}.Debug|x86.Build.0 = Debug|Any CPU
		{C7B53FA5-97AA-4F26-8DB9-D7A36E19B489}.Debug|x86.Deploy.0 = Debug|Any CPU
		{C7B53FA5-97AA-4F26-8DB9-D7A36E19B489}.Release|Any CPU.ActiveCfg = Release|Any CPU
		{C7B53FA5-97AA-4F26-8DB9-D7A36E19B489}.Release|Any CPU.Build.0 = Release|Any CPU
		{C7B53FA5-97AA-4F26-8DB9-D7A36E19B489}.Release|Any CPU.Deploy.0 = Release|Any CPU
		{C7B53FA5-97AA-4F26-8DB9-D7A36E19B489}.Release|ARM.ActiveCfg = Release|Any CPU
		{C7B53FA5-97AA-4F26-8DB9-D7A36E19B489}.Release|ARM.Build.0 = Release|Any CPU
		{C7B53FA5-97AA-4F26-8DB9-D7A36E19B489}.Release|ARM.Deploy.0 = Release|Any CPU
		{C7B53FA5-97AA-4F26-8DB9-D7A36E19B489}.Release|iPhone.ActiveCfg = Release|Any CPU
		{C7B53FA5-97AA-4F26-8DB9-D7A36E19B489}.Release|iPhone.Build.0 = Release|Any CPU
		{C7B53FA5-97AA-4F26-8DB9-D7A36E19B489}.Release|iPhone.Deploy.0 = Release|Any CPU
		{C7B53FA5-97AA-4F26-8DB9-D7A36E19B489}.Release|iPhoneSimulator.ActiveCfg = Release|Any CPU
		{C7B53FA5-97AA-4F26-8DB9-D7A36E19B489}.Release|iPhoneSimulator.Build.0 = Release|Any CPU
		{C7B53FA5-97AA-4F26-8DB9-D7A36E19B489}.Release|iPhoneSimulator.Deploy.0 = Release|Any CPU
		{C7B53FA5-97AA-4F26-8DB9-D7A36E19B489}.Release|x64.ActiveCfg = Release|Any CPU
		{C7B53FA5-97AA-4F26-8DB9-D7A36E19B489}.Release|x64.Build.0 = Release|Any CPU
		{C7B53FA5-97AA-4F26-8DB9-D7A36E19B489}.Release|x64.Deploy.0 = Release|Any CPU
		{C7B53FA5-97AA-4F26-8DB9-D7A36E19B489}.Release|x86.ActiveCfg = Release|Any CPU
		{C7B53FA5-97AA-4F26-8DB9-D7A36E19B489}.Release|x86.Build.0 = Release|Any CPU
		{C7B53FA5-97AA-4F26-8DB9-D7A36E19B489}.Release|x86.Deploy.0 = Release|Any CPU
	EndGlobalSection
	GlobalSection(SolutionProperties) = preSolution
		HideSolutionNode = FALSE
	EndGlobalSection
	GlobalSection(ExtensibilityGlobals) = postSolution
		SolutionGuid = {4ADC75E2-1731-4033-A672-DE6D09D50817}
	EndGlobalSection
EndGlobal
